// !$*UTF8*$!
{
	archiveVersion = 1;
	classes = {
	};
	objectVersion = 46;
	objects = {

/* Begin PBXBuildFile section */
		9323EC2A1EF1400E0059E4CC /* RollerCoasterViewController.m in Sources */ = {isa = PBXBuildFile; fileRef = 9323EC291EF1400E0059E4CC /* RollerCoasterViewController.m */; };
		9323EC2E1EF149180059E4CC /* RollerCoasterView.m in Sources */ = {isa = PBXBuildFile; fileRef = 9323EC2D1EF149180059E4CC /* RollerCoasterView.m */; };
		9339867A1EEFBC400015E6A7 /* ChartView.m in Sources */ = {isa = PBXBuildFile; fileRef = 933986791EEFBC400015E6A7 /* ChartView.m */; };
		93592A751EEE8B5B0052FCD0 /* AppDelegate.m in Sources */ = {isa = PBXBuildFile; fileRef = 93592A661EEE8B5B0052FCD0 /* AppDelegate.m */; };
		93592A761EEE8B5B0052FCD0 /* Assets.xcassets in Resources */ = {isa = PBXBuildFile; fileRef = 93592A671EEE8B5B0052FCD0 /* Assets.xcassets */; };
		93592A771EEE8B5B0052FCD0 /* LaunchScreen.storyboard in Resources */ = {isa = PBXBuildFile; fileRef = 93592A681EEE8B5B0052FCD0 /* LaunchScreen.storyboard */; };
		93592A781EEE8B5B0052FCD0 /* Main.storyboard in Resources */ = {isa = PBXBuildFile; fileRef = 93592A6A1EEE8B5B0052FCD0 /* Main.storyboard */; };
		93592A7C1EEE8B5B0052FCD0 /* Info.plist in Resources */ = {isa = PBXBuildFile; fileRef = 93592A711EEE8B5B0052FCD0 /* Info.plist */; };
		93592A7D1EEE8B5B0052FCD0 /* main.m in Sources */ = {isa = PBXBuildFile; fileRef = 93592A721EEE8B5B0052FCD0 /* main.m */; };
		93592A7E1EEE8B5B0052FCD0 /* ViewController.m in Sources */ = {isa = PBXBuildFile; fileRef = 93592A741EEE8B5B0052FCD0 /* ViewController.m */; };
		936EB1ED1EEEEC4700C536C1 /* DrawBezierManager.m in Sources */ = {isa = PBXBuildFile; fileRef = 936EB1E91EEEEC4700C536C1 /* DrawBezierManager.m */; };
		936EB1EE1EEEEC4700C536C1 /* DrawBezierView.m in Sources */ = {isa = PBXBuildFile; fileRef = 936EB1EB1EEEEC4700C536C1 /* DrawBezierView.m */; };
		936EB1EF1EEEEC4700C536C1 /* DrawBezierView.xib in Resources */ = {isa = PBXBuildFile; fileRef = 936EB1EC1EEEEC4700C536C1 /* DrawBezierView.xib */; };
		936EB1F21EEEEC7600C536C1 /* DrawBezierViewController.m in Sources */ = {isa = PBXBuildFile; fileRef = 936EB1F11EEEEC7600C536C1 /* DrawBezierViewController.m */; };
		936EB1F61EEEF22300C536C1 /* XTBezierPathProducer.m in Sources */ = {isa = PBXBuildFile; fileRef = 936EB1F51EEEF22300C536C1 /* XTBezierPathProducer.m */; };
		936EB1F91EEEF3EE00C536C1 /* CurveChartViewController.m in Sources */ = {isa = PBXBuildFile; fileRef = 936EB1F81EEEF3EE00C536C1 /* CurveChartViewController.m */; };
		937C69CD1EF196BF00A9DF7A /* RollerCoasterManager.m in Sources */ = {isa = PBXBuildFile; fileRef = 937C69CC1EF196BF00A9DF7A /* RollerCoasterManager.m */; };
		93B871C91EE6AC87009BBD34 /* XTPathAniamtionDemoTests.m in Sources */ = {isa = PBXBuildFile; fileRef = 93B871C81EE6AC87009BBD34 /* XTPathAniamtionDemoTests.m */; };
		93B871D41EE6AC87009BBD34 /* XTPathAniamtionDemoUITests.m in Sources */ = {isa = PBXBuildFile; fileRef = 93B871D31EE6AC87009BBD34 /* XTPathAniamtionDemoUITests.m */; };
/* End PBXBuildFile section */

/* Begin PBXContainerItemProxy section */
		93B871C51EE6AC87009BBD34 /* PBXContainerItemProxy */ = {
			isa = PBXContainerItemProxy;
			containerPortal = 93B871A31EE6AC87009BBD34 /* Project object */;
			proxyType = 1;
			remoteGlobalIDString = 93B871AA1EE6AC87009BBD34;
			remoteInfo = XTPathAniamtionDemo;
		};
		93B871D01EE6AC87009BBD34 /* PBXContainerItemProxy */ = {
			isa = PBXContainerItemProxy;
			containerPortal = 93B871A31EE6AC87009BBD34 /* Project object */;
			proxyType = 1;
			remoteGlobalIDString = 93B871AA1EE6AC87009BBD34;
			remoteInfo = XTPathAniamtionDemo;
		};
/* End PBXContainerItemProxy section */

/* Begin PBXFileReference section */
		9323EC281EF1400E0059E4CC /* RollerCoasterViewController.h */ = {isa = PBXFileReference; fileEncoding = 4; lastKnownFileType = sourcecode.c.h; path = RollerCoasterViewController.h; sourceTree = "<group>"; };
		9323EC291EF1400E0059E4CC /* RollerCoasterViewController.m */ = {isa = PBXFileReference; fileEncoding = 4; lastKnownFileType = sourcecode.c.objc; path = RollerCoasterViewController.m; sourceTree = "<group>"; };
		9323EC2C1EF149180059E4CC /* RollerCoasterView.h */ = {isa = PBXFileReference; fileEncoding = 4; lastKnownFileType = sourcecode.c.h; path = RollerCoasterView.h; sourceTree = "<group>"; };
		9323EC2D1EF149180059E4CC /* RollerCoasterView.m */ = {isa = PBXFileReference; fileEncoding = 4; lastKnownFileType = sourcecode.c.objc; path = RollerCoasterView.m; sourceTree = "<group>"; };
		933986781EEFBC400015E6A7 /* ChartView.h */ = {isa = PBXFileReference; fileEncoding = 4; lastKnownFileType = sourcecode.c.h; path = ChartView.h; sourceTree = "<group>"; };
		933986791EEFBC400015E6A7 /* ChartView.m */ = {isa = PBXFileReference; fileEncoding = 4; lastKnownFileType = sourcecode.c.objc; path = ChartView.m; sourceTree = "<group>"; };
		93592A651EEE8B5B0052FCD0 /* AppDelegate.h */ = {isa = PBXFileReference; fileEncoding = 4; lastKnownFileType = sourcecode.c.h; path = AppDelegate.h; sourceTree = "<group>"; };
		93592A661EEE8B5B0052FCD0 /* AppDelegate.m */ = {isa = PBXFileReference; fileEncoding = 4; lastKnownFileType = sourcecode.c.objc; path = AppDelegate.m; sourceTree = "<group>"; };
		93592A671EEE8B5B0052FCD0 /* Assets.xcassets */ = {isa = PBXFileReference; lastKnownFileType = folder.assetcatalog; path = Assets.xcassets; sourceTree = "<group>"; };
		93592A691EEE8B5B0052FCD0 /* Base */ = {isa = PBXFileReference; lastKnownFileType = file.storyboard; name = Base; path = Base.lproj/LaunchScreen.storyboard; sourceTree = "<group>"; };
		93592A6B1EEE8B5B0052FCD0 /* Base */ = {isa = PBXFileReference; lastKnownFileType = file.storyboard; name = Base; path = Base.lproj/Main.storyboard; sourceTree = "<group>"; };
		93592A711EEE8B5B0052FCD0 /* Info.plist */ = {isa = PBXFileReference; fileEncoding = 4; lastKnownFileType = text.plist.xml; path = Info.plist; sourceTree = "<group>"; };
		93592A721EEE8B5B0052FCD0 /* main.m */ = {isa = PBXFileReference; fileEncoding = 4; lastKnownFileType = sourcecode.c.objc; path = main.m; sourceTree = "<group>"; };
		93592A731EEE8B5B0052FCD0 /* ViewController.h */ = {isa = PBXFileReference; fileEncoding = 4; lastKnownFileType = sourcecode.c.h; path = ViewController.h; sourceTree = "<group>"; };
		93592A741EEE8B5B0052FCD0 /* ViewController.m */ = {isa = PBXFileReference; fileEncoding = 4; lastKnownFileType = sourcecode.c.objc; path = ViewController.m; sourceTree = "<group>"; };
		936EB1E81EEEEC4700C536C1 /* DrawBezierManager.h */ = {isa = PBXFileReference; fileEncoding = 4; lastKnownFileType = sourcecode.c.h; path = DrawBezierManager.h; sourceTree = "<group>"; };
		936EB1E91EEEEC4700C536C1 /* DrawBezierManager.m */ = {isa = PBXFileReference; fileEncoding = 4; lastKnownFileType = sourcecode.c.objc; path = DrawBezierManager.m; sourceTree = "<group>"; };
		936EB1EA1EEEEC4700C536C1 /* DrawBezierView.h */ = {isa = PBXFileReference; fileEncoding = 4; lastKnownFileType = sourcecode.c.h; path = DrawBezierView.h; sourceTree = "<group>"; };
		936EB1EB1EEEEC4700C536C1 /* DrawBezierView.m */ = {isa = PBXFileReference; fileEncoding = 4; lastKnownFileType = sourcecode.c.objc; path = DrawBezierView.m; sourceTree = "<group>"; };
		936EB1EC1EEEEC4700C536C1 /* DrawBezierView.xib */ = {isa = PBXFileReference; fileEncoding = 4; lastKnownFileType = file.xib; path = DrawBezierView.xib; sourceTree = "<group>"; };
		936EB1F01EEEEC7600C536C1 /* DrawBezierViewController.h */ = {isa = PBXFileReference; fileEncoding = 4; lastKnownFileType = sourcecode.c.h; path = DrawBezierViewController.h; sourceTree = "<group>"; };
		936EB1F11EEEEC7600C536C1 /* DrawBezierViewController.m */ = {isa = PBXFileReference; fileEncoding = 4; lastKnownFileType = sourcecode.c.objc; path = DrawBezierViewController.m; sourceTree = "<group>"; };
		936EB1F41EEEF22300C536C1 /* XTBezierPathProducer.h */ = {isa = PBXFileReference; fileEncoding = 4; lastKnownFileType = sourcecode.c.h; path = XTBezierPathProducer.h; sourceTree = "<group>"; };
		936EB1F51EEEF22300C536C1 /* XTBezierPathProducer.m */ = {isa = PBXFileReference; fileEncoding = 4; lastKnownFileType = sourcecode.c.objc; path = XTBezierPathProducer.m; sourceTree = "<group>"; };
		936EB1F71EEEF3EE00C536C1 /* CurveChartViewController.h */ = {isa = PBXFileReference; fileEncoding = 4; lastKnownFileType = sourcecode.c.h; path = CurveChartViewController.h; sourceTree = "<group>"; };
		936EB1F81EEEF3EE00C536C1 /* CurveChartViewController.m */ = {isa = PBXFileReference; fileEncoding = 4; lastKnownFileType = sourcecode.c.objc; path = CurveChartViewController.m; sourceTree = "<group>"; };
		937C69CB1EF196BF00A9DF7A /* RollerCoasterManager.h */ = {isa = PBXFileReference; fileEncoding = 4; lastKnownFileType = sourcecode.c.h; path = RollerCoasterManager.h; sourceTree = "<group>"; };
		937C69CC1EF196BF00A9DF7A /* RollerCoasterManager.m */ = {isa = PBXFileReference; fileEncoding = 4; lastKnownFileType = sourcecode.c.objc; path = RollerCoasterManager.m; sourceTree = "<group>"; };
		93B871AB1EE6AC87009BBD34 /* XTBezierPathBuilderDemo.app */ = {isa = PBXFileReference; explicitFileType = wrapper.application; includeInIndex = 0; path = XTBezierPathBuilderDemo.app; sourceTree = BUILT_PRODUCTS_DIR; };
		93B871C41EE6AC87009BBD34 /* XTBezierPathBuilderDemoTests.xctest */ = {isa = PBXFileReference; explicitFileType = wrapper.cfbundle; includeInIndex = 0; path = XTBezierPathBuilderDemoTests.xctest; sourceTree = BUILT_PRODUCTS_DIR; };
		93B871C81EE6AC87009BBD34 /* XTPathAniamtionDemoTests.m */ = {isa = PBXFileReference; lastKnownFileType = sourcecode.c.objc; path = XTPathAniamtionDemoTests.m; sourceTree = "<group>"; };
		93B871CA1EE6AC87009BBD34 /* Info.plist */ = {isa = PBXFileReference; lastKnownFileType = text.plist.xml; path = Info.plist; sourceTree = "<group>"; };
		93B871CF1EE6AC87009BBD34 /* XTBezierPathBuilderDemoUITests.xctest */ = {isa = PBXFileReference; explicitFileType = wrapper.cfbundle; includeInIndex = 0; path = XTBezierPathBuilderDemoUITests.xctest; sourceTree = BUILT_PRODUCTS_DIR; };
		93B871D31EE6AC87009BBD34 /* XTPathAniamtionDemoUITests.m */ = {isa = PBXFileReference; lastKnownFileType = sourcecode.c.objc; path = XTPathAniamtionDemoUITests.m; sourceTree = "<group>"; };
		93B871D51EE6AC87009BBD34 /* Info.plist */ = {isa = PBXFileReference; lastKnownFileType = text.plist.xml; path = Info.plist; sourceTree = "<group>"; };
/* End PBXFileReference section */

/* Begin PBXFrameworksBuildPhase section */
		93B871A81EE6AC87009BBD34 /* Frameworks */ = {
			isa = PBXFrameworksBuildPhase;
			buildActionMask = 2147483647;
			files = (
			);
			runOnlyForDeploymentPostprocessing = 0;
		};
		93B871C11EE6AC87009BBD34 /* Frameworks */ = {
			isa = PBXFrameworksBuildPhase;
			buildActionMask = 2147483647;
			files = (
			);
			runOnlyForDeploymentPostprocessing = 0;
		};
		93B871CC1EE6AC87009BBD34 /* Frameworks */ = {
			isa = PBXFrameworksBuildPhase;
			buildActionMask = 2147483647;
			files = (
			);
			runOnlyForDeploymentPostprocessing = 0;
		};
/* End PBXFrameworksBuildPhase section */

/* Begin PBXGroup section */
		9323EC2B1EF145890059E4CC /* RollerCoasterView */ = {
			isa = PBXGroup;
			children = (
				9323EC2C1EF149180059E4CC /* RollerCoasterView.h */,
				9323EC2D1EF149180059E4CC /* RollerCoasterView.m */,
				937C69CB1EF196BF00A9DF7A /* RollerCoasterManager.h */,
				937C69CC1EF196BF00A9DF7A /* RollerCoasterManager.m */,
			);
			path = RollerCoasterView;
			sourceTree = "<group>";
		};
		933986771EEFBC2B0015E6A7 /* ChartView */ = {
			isa = PBXGroup;
			children = (
				933986781EEFBC400015E6A7 /* ChartView.h */,
				933986791EEFBC400015E6A7 /* ChartView.m */,
			);
			name = ChartView;
			path = Chart;
			sourceTree = "<group>";
		};
		93592A641EEE8B5B0052FCD0 /* XTBezierPathBuilderDemo */ = {
			isa = PBXGroup;
			children = (
				93592A651EEE8B5B0052FCD0 /* AppDelegate.h */,
				93592A661EEE8B5B0052FCD0 /* AppDelegate.m */,
				9323EC2B1EF145890059E4CC /* RollerCoasterView */,
				933986771EEFBC2B0015E6A7 /* ChartView */,
				936EB1F31EEEF20500C536C1 /* BezierPathProducer */,
				936EB1E71EEEEC4700C536C1 /* DrawBezierView */,
				93592A731EEE8B5B0052FCD0 /* ViewController.h */,
				93592A741EEE8B5B0052FCD0 /* ViewController.m */,
				936EB1F01EEEEC7600C536C1 /* DrawBezierViewController.h */,
				936EB1F11EEEEC7600C536C1 /* DrawBezierViewController.m */,
				936EB1F71EEEF3EE00C536C1 /* CurveChartViewController.h */,
				936EB1F81EEEF3EE00C536C1 /* CurveChartViewController.m */,
				9323EC281EF1400E0059E4CC /* RollerCoasterViewController.h */,
				9323EC291EF1400E0059E4CC /* RollerCoasterViewController.m */,
				93592A6A1EEE8B5B0052FCD0 /* Main.storyboard */,
				93592A711EEE8B5B0052FCD0 /* Info.plist */,
				93592A721EEE8B5B0052FCD0 /* main.m */,
				93592A681EEE8B5B0052FCD0 /* LaunchScreen.storyboard */,
				93592A671EEE8B5B0052FCD0 /* Assets.xcassets */,
			);
			name = XTBezierPathBuilderDemo;
			path = XTPathAniamtionDemo;
			sourceTree = "<group>";
		};
		936EB1E71EEEEC4700C536C1 /* DrawBezierView */ = {
			isa = PBXGroup;
			children = (
				936EB1E81EEEEC4700C536C1 /* DrawBezierManager.h */,
				936EB1E91EEEEC4700C536C1 /* DrawBezierManager.m */,
				936EB1EA1EEEEC4700C536C1 /* DrawBezierView.h */,
				936EB1EB1EEEEC4700C536C1 /* DrawBezierView.m */,
				936EB1EC1EEEEC4700C536C1 /* DrawBezierView.xib */,
			);
			name = DrawBezierView;
			path = DrawBezier;
			sourceTree = "<group>";
		};
		936EB1F31EEEF20500C536C1 /* BezierPathProducer */ = {
			isa = PBXGroup;
			children = (
				936EB1F41EEEF22300C536C1 /* XTBezierPathProducer.h */,
				936EB1F51EEEF22300C536C1 /* XTBezierPathProducer.m */,
			);
			path = BezierPathProducer;
			sourceTree = "<group>";
		};
		93B871A21EE6AC87009BBD34 = {
			isa = PBXGroup;
			children = (
				93592A641EEE8B5B0052FCD0 /* XTBezierPathBuilderDemo */,
				93B871C71EE6AC87009BBD34 /* XTPathAniamtionDemoTests */,
				93B871D21EE6AC87009BBD34 /* XTPathAniamtionDemoUITests */,
				93B871AC1EE6AC87009BBD34 /* Products */,
			);
			sourceTree = "<group>";
		};
		93B871AC1EE6AC87009BBD34 /* Products */ = {
			isa = PBXGroup;
			children = (
				93B871AB1EE6AC87009BBD34 /* XTBezierPathBuilderDemo.app */,
				93B871C41EE6AC87009BBD34 /* XTBezierPathBuilderDemoTests.xctest */,
				93B871CF1EE6AC87009BBD34 /* XTBezierPathBuilderDemoUITests.xctest */,
			);
			name = Products;
			sourceTree = "<group>";
		};
		93B871C71EE6AC87009BBD34 /* XTPathAniamtionDemoTests */ = {
			isa = PBXGroup;
			children = (
				93B871C81EE6AC87009BBD34 /* XTPathAniamtionDemoTests.m */,
				93B871CA1EE6AC87009BBD34 /* Info.plist */,
			);
			path = XTPathAniamtionDemoTests;
			sourceTree = "<group>";
		};
		93B871D21EE6AC87009BBD34 /* XTPathAniamtionDemoUITests */ = {
			isa = PBXGroup;
			children = (
				93B871D31EE6AC87009BBD34 /* XTPathAniamtionDemoUITests.m */,
				93B871D51EE6AC87009BBD34 /* Info.plist */,
			);
			path = XTPathAniamtionDemoUITests;
			sourceTree = "<group>";
		};
/* End PBXGroup section */

/* Begin PBXNativeTarget section */
		93B871AA1EE6AC87009BBD34 /* XTBezierPathBuilderDemo */ = {
			isa = PBXNativeTarget;
			buildConfigurationList = 93B871D81EE6AC87009BBD34 /* Build configuration list for PBXNativeTarget "XTBezierPathBuilderDemo" */;
			buildPhases = (
				93B871A71EE6AC87009BBD34 /* Sources */,
				93B871A81EE6AC87009BBD34 /* Frameworks */,
				93B871A91EE6AC87009BBD34 /* Resources */,
			);
			buildRules = (
			);
			dependencies = (
			);
			name = XTBezierPathBuilderDemo;
			productName = XTPathAniamtionDemo;
			productReference = 93B871AB1EE6AC87009BBD34 /* XTBezierPathBuilderDemo.app */;
			productType = "com.apple.product-type.application";
		};
		93B871C31EE6AC87009BBD34 /* XTBezierPathBuilderDemoTests */ = {
			isa = PBXNativeTarget;
			buildConfigurationList = 93B871DB1EE6AC87009BBD34 /* Build configuration list for PBXNativeTarget "XTBezierPathBuilderDemoTests" */;
			buildPhases = (
				93B871C01EE6AC87009BBD34 /* Sources */,
				93B871C11EE6AC87009BBD34 /* Frameworks */,
				93B871C21EE6AC87009BBD34 /* Resources */,
			);
			buildRules = (
			);
			dependencies = (
				93B871C61EE6AC87009BBD34 /* PBXTargetDependency */,
			);
			name = XTBezierPathBuilderDemoTests;
			productName = XTPathAniamtionDemoTests;
			productReference = 93B871C41EE6AC87009BBD34 /* XTBezierPathBuilderDemoTests.xctest */;
			productType = "com.apple.product-type.bundle.unit-test";
		};
		93B871CE1EE6AC87009BBD34 /* XTBezierPathBuilderDemoUITests */ = {
			isa = PBXNativeTarget;
			buildConfigurationList = 93B871DE1EE6AC87009BBD34 /* Build configuration list for PBXNativeTarget "XTBezierPathBuilderDemoUITests" */;
			buildPhases = (
				93B871CB1EE6AC87009BBD34 /* Sources */,
				93B871CC1EE6AC87009BBD34 /* Frameworks */,
				93B871CD1EE6AC87009BBD34 /* Resources */,
			);
			buildRules = (
			);
			dependencies = (
				93B871D11EE6AC87009BBD34 /* PBXTargetDependency */,
			);
			name = XTBezierPathBuilderDemoUITests;
			productName = XTPathAniamtionDemoUITests;
			productReference = 93B871CF1EE6AC87009BBD34 /* XTBezierPathBuilderDemoUITests.xctest */;
			productType = "com.apple.product-type.bundle.ui-testing";
		};
/* End PBXNativeTarget section */

/* Begin PBXProject section */
		93B871A31EE6AC87009BBD34 /* Project object */ = {
			isa = PBXProject;
			attributes = {
				LastUpgradeCheck = 0820;
				ORGANIZATIONNAME = xietao3;
				TargetAttributes = {
					93B871AA1EE6AC87009BBD34 = {
						CreatedOnToolsVersion = 8.2.1;
						DevelopmentTeam = CVQ4KC2R64;
						ProvisioningStyle = Automatic;
					};
					93B871C31EE6AC87009BBD34 = {
						CreatedOnToolsVersion = 8.2.1;
						ProvisioningStyle = Automatic;
						TestTargetID = 93B871AA1EE6AC87009BBD34;
					};
					93B871CE1EE6AC87009BBD34 = {
						CreatedOnToolsVersion = 8.2.1;
						ProvisioningStyle = Automatic;
						TestTargetID = 93B871AA1EE6AC87009BBD34;
					};
				};
			};
			buildConfigurationList = 93B871A61EE6AC87009BBD34 /* Build configuration list for PBXProject "XTBezierPathBuilderDemo" */;
			compatibilityVersion = "Xcode 3.2";
			developmentRegion = English;
			hasScannedForEncodings = 0;
			knownRegions = (
				en,
				Base,
			);
			mainGroup = 93B871A21EE6AC87009BBD34;
			productRefGroup = 93B871AC1EE6AC87009BBD34 /* Products */;
			projectDirPath = "";
			projectRoot = "";
			targets = (
				93B871AA1EE6AC87009BBD34 /* XTBezierPathBuilderDemo */,
				93B871C31EE6AC87009BBD34 /* XTBezierPathBuilderDemoTests */,
				93B871CE1EE6AC87009BBD34 /* XTBezierPathBuilderDemoUITests */,
			);
		};
/* End PBXProject section */

/* Begin PBXResourcesBuildPhase section */
		93B871A91EE6AC87009BBD34 /* Resources */ = {
			isa = PBXResourcesBuildPhase;
			buildActionMask = 2147483647;
			files = (
				93592A781EEE8B5B0052FCD0 /* Main.storyboard in Resources */,
				936EB1EF1EEEEC4700C536C1 /* DrawBezierView.xib in Resources */,
				93592A771EEE8B5B0052FCD0 /* LaunchScreen.storyboard in Resources */,
				93592A761EEE8B5B0052FCD0 /* Assets.xcassets in Resources */,
				93592A7C1EEE8B5B0052FCD0 /* Info.plist in Resources */,
			);
			runOnlyForDeploymentPostprocessing = 0;
		};
		93B871C21EE6AC87009BBD34 /* Resources */ = {
			isa = PBXResourcesBuildPhase;
			buildActionMask = 2147483647;
			files = (
			);
			runOnlyForDeploymentPostprocessing = 0;
		};
		93B871CD1EE6AC87009BBD34 /* Resources */ = {
			isa = PBXResourcesBuildPhase;
			buildActionMask = 2147483647;
			files = (
			);
			runOnlyForDeploymentPostprocessing = 0;
		};
/* End PBXResourcesBuildPhase section */

/* Begin PBXSourcesBuildPhase section */
		93B871A71EE6AC87009BBD34 /* Sources */ = {
			isa = PBXSourcesBuildPhase;
			buildActionMask = 2147483647;
			files = (
				936EB1F61EEEF22300C536C1 /* XTBezierPathProducer.m in Sources */,
				936EB1EE1EEEEC4700C536C1 /* DrawBezierView.m in Sources */,
				9323EC2A1EF1400E0059E4CC /* RollerCoasterViewController.m in Sources */,
				9339867A1EEFBC400015E6A7 /* ChartView.m in Sources */,
				9323EC2E1EF149180059E4CC /* RollerCoasterView.m in Sources */,
				936EB1ED1EEEEC4700C536C1 /* DrawBezierManager.m in Sources */,
				936EB1F91EEEF3EE00C536C1 /* CurveChartViewController.m in Sources */,
				93592A751EEE8B5B0052FCD0 /* AppDelegate.m in Sources */,
				936EB1F21EEEEC7600C536C1 /* DrawBezierViewController.m in Sources */,
				937C69CD1EF196BF00A9DF7A /* RollerCoasterManager.m in Sources */,
				93592A7E1EEE8B5B0052FCD0 /* ViewController.m in Sources */,
				93592A7D1EEE8B5B0052FCD0 /* main.m in Sources */,
			);
			runOnlyForDeploymentPostprocessing = 0;
		};
		93B871C01EE6AC87009BBD34 /* Sources */ = {
			isa = PBXSourcesBuildPhase;
			buildActionMask = 2147483647;
			files = (
				93B871C91EE6AC87009BBD34 /* XTPathAniamtionDemoTests.m in Sources */,
			);
			runOnlyForDeploymentPostprocessing = 0;
		};
		93B871CB1EE6AC87009BBD34 /* Sources */ = {
			isa = PBXSourcesBuildPhase;
			buildActionMask = 2147483647;
			files = (
				93B871D41EE6AC87009BBD34 /* XTPathAniamtionDemoUITests.m in Sources */,
			);
			runOnlyForDeploymentPostprocessing = 0;
		};
/* End PBXSourcesBuildPhase section */

/* Begin PBXTargetDependency section */
		93B871C61EE6AC87009BBD34 /* PBXTargetDependency */ = {
			isa = PBXTargetDependency;
			target = 93B871AA1EE6AC87009BBD34 /* XTBezierPathBuilderDemo */;
			targetProxy = 93B871C51EE6AC87009BBD34 /* PBXContainerItemProxy */;
		};
		93B871D11EE6AC87009BBD34 /* PBXTargetDependency */ = {
			isa = PBXTargetDependency;
			target = 93B871AA1EE6AC87009BBD34 /* XTBezierPathBuilderDemo */;
			targetProxy = 93B871D01EE6AC87009BBD34 /* PBXContainerItemProxy */;
		};
/* End PBXTargetDependency section */

/* Begin PBXVariantGroup section */
		93592A681EEE8B5B0052FCD0 /* LaunchScreen.storyboard */ = {
			isa = PBXVariantGroup;
			children = (
				93592A691EEE8B5B0052FCD0 /* Base */,
			);
			name = LaunchScreen.storyboard;
			sourceTree = "<group>";
		};
		93592A6A1EEE8B5B0052FCD0 /* Main.storyboard */ = {
			isa = PBXVariantGroup;
			children = (
				93592A6B1EEE8B5B0052FCD0 /* Base */,
			);
			name = Main.storyboard;
			sourceTree = "<group>";
		};
/* End PBXVariantGroup section */

/* Begin XCBuildConfiguration section */
		93B871D61EE6AC87009BBD34 /* Debug */ = {
			isa = XCBuildConfiguration;
			buildSettings = {
				ALWAYS_SEARCH_USER_PATHS = NO;
				CLANG_ANALYZER_NONNULL = YES;
				CLANG_CXX_LANGUAGE_STANDARD = "gnu++0x";
				CLANG_CXX_LIBRARY = "libc++";
				CLANG_ENABLE_MODULES = YES;
				CLANG_ENABLE_OBJC_ARC = YES;
				CLANG_WARN_BOOL_CONVERSION = YES;
				CLANG_WARN_CONSTANT_CONVERSION = YES;
				CLANG_WARN_DIRECT_OBJC_ISA_USAGE = YES_ERROR;
				CLANG_WARN_DOCUMENTATION_COMMENTS = YES;
				CLANG_WARN_EMPTY_BODY = YES;
				CLANG_WARN_ENUM_CONVERSION = YES;
				CLANG_WARN_INFINITE_RECURSION = YES;
				CLANG_WARN_INT_CONVERSION = YES;
				CLANG_WARN_OBJC_ROOT_CLASS = YES_ERROR;
				CLANG_WARN_SUSPICIOUS_MOVE = YES;
				CLANG_WARN_UNREACHABLE_CODE = YES;
				CLANG_WARN__DUPLICATE_METHOD_MATCH = YES;
				"CODE_SIGN_IDENTITY[sdk=iphoneos*]" = "iPhone Developer";
				COPY_PHASE_STRIP = NO;
				DEBUG_INFORMATION_FORMAT = dwarf;
				ENABLE_STRICT_OBJC_MSGSEND = YES;
				ENABLE_TESTABILITY = YES;
				GCC_C_LANGUAGE_STANDARD = gnu99;
				GCC_DYNAMIC_NO_PIC = NO;
				GCC_NO_COMMON_BLOCKS = YES;
				GCC_OPTIMIZATION_LEVEL = 0;
				GCC_PREPROCESSOR_DEFINITIONS = (
					"DEBUG=1",
					"$(inherited)",
				);
				GCC_WARN_64_TO_32_BIT_CONVERSION = YES;
				GCC_WARN_ABOUT_RETURN_TYPE = YES_ERROR;
				GCC_WARN_UNDECLARED_SELECTOR = YES;
				GCC_WARN_UNINITIALIZED_AUTOS = YES_AGGRESSIVE;
				GCC_WARN_UNUSED_FUNCTION = YES;
				GCC_WARN_UNUSED_VARIABLE = YES;
				IPHONEOS_DEPLOYMENT_TARGET = 10.2;
				MTL_ENABLE_DEBUG_INFO = YES;
				ONLY_ACTIVE_ARCH = NO;
				SDKROOT = iphoneos;
			};
			name = Debug;
		};
		93B871D71EE6AC87009BBD34 /* Release */ = {
			isa = XCBuildConfiguration;
			buildSettings = {
				ALWAYS_SEARCH_USER_PATHS = NO;
				CLANG_ANALYZER_NONNULL = YES;
				CLANG_CXX_LANGUAGE_STANDARD = "gnu++0x";
				CLANG_CXX_LIBRARY = "libc++";
				CLANG_ENABLE_MODULES = YES;
				CLANG_ENABLE_OBJC_ARC = YES;
				CLANG_WARN_BOOL_CONVERSION = YES;
				CLANG_WARN_CONSTANT_CONVERSION = YES;
				CLANG_WARN_DIRECT_OBJC_ISA_USAGE = YES_ERROR;
				CLANG_WARN_DOCUMENTATION_COMMENTS = YES;
				CLANG_WARN_EMPTY_BODY = YES;
				CLANG_WARN_ENUM_CONVERSION = YES;
				CLANG_WARN_INFINITE_RECURSION = YES;
				CLANG_WARN_INT_CONVERSION = YES;
				CLANG_WARN_OBJC_ROOT_CLASS = YES_ERROR;
				CLANG_WARN_SUSPICIOUS_MOVE = YES;
				CLANG_WARN_UNREACHABLE_CODE = YES;
				CLANG_WARN__DUPLICATE_METHOD_MATCH = YES;
				"CODE_SIGN_IDENTITY[sdk=iphoneos*]" = "iPhone Developer";
				COPY_PHASE_STRIP = NO;
				DEBUG_INFORMATION_FORMAT = "dwarf-with-dsym";
				ENABLE_NS_ASSERTIONS = NO;
				ENABLE_STRICT_OBJC_MSGSEND = YES;
				GCC_C_LANGUAGE_STANDARD = gnu99;
				GCC_NO_COMMON_BLOCKS = YES;
				GCC_WARN_64_TO_32_BIT_CONVERSION = YES;
				GCC_WARN_ABOUT_RETURN_TYPE = YES_ERROR;
				GCC_WARN_UNDECLARED_SELECTOR = YES;
				GCC_WARN_UNINITIALIZED_AUTOS = YES_AGGRESSIVE;
				GCC_WARN_UNUSED_FUNCTION = YES;
				GCC_WARN_UNUSED_VARIABLE = YES;
				IPHONEOS_DEPLOYMENT_TARGET = 10.2;
				MTL_ENABLE_DEBUG_INFO = NO;
				ONLY_ACTIVE_ARCH = NO;
				SDKROOT = iphoneos;
				VALIDATE_PRODUCT = YES;
			};
			name = Release;
		};
		93B871D91EE6AC87009BBD34 /* Debug */ = {
			isa = XCBuildConfiguration;
			buildSettings = {
				ASSETCATALOG_COMPILER_APPICON_NAME = AppIcon;
				DEVELOPMENT_TEAM = CVQ4KC2R64;
				INFOPLIST_FILE = XTPathAniamtionDemo/Info.plist;
				LD_RUNPATH_SEARCH_PATHS = "$(inherited) @executable_path/Frameworks";
				PRODUCT_BUNDLE_IDENTIFIER = com.xietao3.XTPathAniamtionDemo;
				PRODUCT_NAME = "$(TARGET_NAME)";
			};
			name = Debug;
		};
		93B871DA1EE6AC87009BBD34 /* Release */ = {
			isa = XCBuildConfiguration;
			buildSettings = {
				ASSETCATALOG_COMPILER_APPICON_NAME = AppIcon;
				DEVELOPMENT_TEAM = CVQ4KC2R64;
				INFOPLIST_FILE = XTPathAniamtionDemo/Info.plist;
				LD_RUNPATH_SEARCH_PATHS = "$(inherited) @executable_path/Frameworks";
				PRODUCT_BUNDLE_IDENTIFIER = com.xietao3.XTPathAniamtionDemo;
				PRODUCT_NAME = "$(TARGET_NAME)";
			};
			name = Release;
		};
		93B871DC1EE6AC87009BBD34 /* Debug */ = {
			isa = XCBuildConfiguration;
			buildSettings = {
				BUNDLE_LOADER = "$(TEST_HOST)";
				INFOPLIST_FILE = XTPathAniamtionDemoTests/Info.plist;
				LD_RUNPATH_SEARCH_PATHS = "$(inherited) @executable_path/Frameworks @loader_path/Frameworks";
				PRODUCT_BUNDLE_IDENTIFIER = com.xietao3.XTPathAniamtionDemoTests;
				PRODUCT_NAME = "$(TARGET_NAME)";
				TEST_HOST = "$(BUILT_PRODUCTS_DIR)/XTBezierPathBuilderDemo.app/XTBezierPathBuilderDemo";
			};
			name = Debug;
		};
		93B871DD1EE6AC87009BBD34 /* Release */ = {
			isa = XCBuildConfiguration;
			buildSettings = {
				BUNDLE_LOADER = "$(TEST_HOST)";
				INFOPLIST_FILE = XTPathAniamtionDemoTests/Info.plist;
				LD_RUNPATH_SEARCH_PATHS = "$(inherited) @executable_path/Frameworks @loader_path/Frameworks";
				PRODUCT_BUNDLE_IDENTIFIER = com.xietao3.XTPathAniamtionDemoTests;
				PRODUCT_NAME = "$(TARGET_NAME)";
				TEST_HOST = "$(BUILT_PRODUCTS_DIR)/XTBezierPathBuilderDemo.app/XTBezierPathBuilderDemo";
			};
			name = Release;
		};
		93B871DF1EE6AC87009BBD34 /* Debug */ = {
			isa = XCBuildConfiguration;
			buildSettings = {
				INFOPLIST_FILE = XTPathAniamtionDemoUITests/Info.plist;
				LD_RUNPATH_SEARCH_PATHS = "$(inherited) @executable_path/Frameworks @loader_path/Frameworks";
				PRODUCT_BUNDLE_IDENTIFIER = com.xietao3.XTPathAniamtionDemoUITests;
				PRODUCT_NAME = "$(TARGET_NAME)";
				TEST_TARGET_NAME = XTPathAniamtionDemo;
			};
			name = Debug;
		};
		93B871E01EE6AC87009BBD34 /* Release */ = {
			isa = XCBuildConfiguration;
			buildSettings = {
				INFOPLIST_FILE = XTPathAniamtionDemoUITests/Info.plist;
				LD_RUNPATH_SEARCH_PATHS = "$(inherited) @executable_path/Frameworks @loader_path/Frameworks";
				PRODUCT_BUNDLE_IDENTIFIER = com.xietao3.XTPathAniamtionDemoUITests;
				PRODUCT_NAME = "$(TARGET_NAME)";
				TEST_TARGET_NAME = XTPathAniamtionDemo;
			};
			name = Release;
		};
/* End XCBuildConfiguration section */

/* Begin XCConfigurationList section */
		93B871A61EE6AC87009BBD34 /* Build configuration list for PBXProject "XTBezierPathBuilderDemo" */ = {
			isa = XCConfigurationList;
			buildConfigurations = (
				93B871D61EE6AC87009BBD34 /* Debug */,
				93B871D71EE6AC87009BBD34 /* Release */,
			);
			defaultConfigurationIsVisible = 0;
			defaultConfigurationName = Release;
		};
		93B871D81EE6AC87009BBD34 /* Build configuration list for PBXNativeTarget "XTBezierPathBuilderDemo" */ = {
			isa = XCConfigurationList;
			buildConfigurations = (
				93B871D91EE6AC87009BBD34 /* Debug */,
				93B871DA1EE6AC87009BBD34 /* Release */,
			);
			defaultConfigurationIsVisible = 0;
			defaultConfigurationName = Release;
		};
		93B871DB1EE6AC87009BBD34 /* Build configuration list for PBXNativeTarget "XTBezierPathBuilderDemoTests" */ = {
			isa = XCConfigurationList;
			buildConfigurations = (
				93B871DC1EE6AC87009BBD34 /* Debug */,
				93B871DD1EE6AC87009BBD34 /* Release */,
			);
			defaultConfigurationIsVisible = 0;
			defaultConfigurationName = Release;
		};
		93B871DE1EE6AC87009BBD34 /* Build configuration list for PBXNativeTarget "XTBezierPathBuilderDemoUITests" */ = {
			isa = XCConfigurationList;
			buildConfigurations = (
				93B871DF1EE6AC87009BBD34 /* Debug */,
				93B871E01EE6AC87009BBD34 /* Release */,
			);
			defaultConfigurationIsVisible = 0;
			defaultConfigurationName = Release;
		};
/* End XCConfigurationList section */
	};
	rootObject = 93B871A31EE6AC87009BBD34 /* Project object */;
}
